
Microsoft Visual Studio Solution File, Format Version 12.00
# Visual Studio Express 2012 for Windows Desktop
Project("{FAE04EC0-301F-11D3-BF4B-00C04F79EFBC}") = "WpfVisualCustomization.Styling", "WpfVisualCustomization.Styling\WpfVisualCustomization.Styling.csproj", "{1A913D8D-8520-473B-BE1D-75806DE23A3A}"
EndProject
Project("{FAE04EC0-301F-11D3-BF4B-00C04F79EFBC}") = "WpfVisualCustomization.Styling.CustomControlLib", "WpfVisualCustomization.Styling.CustomControlLib\WpfVisualCustomization.Styling.CustomControlLib.csproj", "{08CD6735-4F43-4764-AD6C-38DFC1B77D04}"
EndProject
Project("{FAE04EC0-301F-11D3-BF4B-00C04F79EFBC}") = "WpfVisualCustomization.Styling.UserControlLib", "WpfVisualCustomization.Styling.UserControlLib\WpfVisualCustomization.Styling.UserControlLib.csproj", "{A4AA9715-B269-4DC8-A78A-4EF0AE24148E}"
EndProject
Project("{FAE04EC0-301F-11D3-BF4B-00C04F79EFBC}") = "WpfVisualCustomization.Styling.AppWideStyle", "WpfVisualCustomization.Styling.AppWideStyle\WpfVisualCustomization.Styling.AppWideStyle.csproj", "{6CB4D9B9-76E8-4BFF-8971-7F9020563802}"
EndProject
Project("{FAE04EC0-301F-11D3-BF4B-00C04F79EFBC}") = "WpfVisualCustomization.Styling.ItemsControl", "WpfVisualCustomization.Styling.ItemsControl\WpfVisualCustomization.Styling.ItemsControl.csproj", "{A818AB8E-36DD-4601-B33F-257C3788BCB3}"
EndProject
Project("{FAE04EC0-301F-11D3-BF4B-00C04F79EFBC}") = "WpfVisualCustomization.Styling.StyleLib", "WpfVisualCustomization.Styling.StyleLib\WpfVisualCustomization.Styling.StyleLib.csproj", "{627FA232-F279-4341-AF9C-A7E6D9A25638}"
EndProject
Global
	GlobalSection(SolutionConfigurationPlatforms) = preSolution
		Debug|Any CPU = Debug|Any CPU
		Release|Any CPU = Release|Any CPU
	EndGlobalSection
	GlobalSection(ProjectConfigurationPlatforms) = postSolution
		{1A913D8D-8520-473B-BE1D-75806DE23A3A}.Debug|Any CPU.ActiveCfg = Debug|Any CPU
		{1A913D8D-8520-473B-BE1D-75806DE23A3A}.Debug|Any CPU.Build.0 = Debug|Any CPU
		{1A913D8D-8520-473B-BE1D-75806DE23A3A}.Release|Any CPU.ActiveCfg = Release|Any CPU
		{1A913D8D-8520-473B-BE1D-75806DE23A3A}.Release|Any CPU.Build.0 = Release|Any CPU
		{08CD6735-4F43-4764-AD6C-38DFC1B77D04}.Debug|Any CPU.ActiveCfg = Debug|Any CPU
		{08CD6735-4F43-4764-AD6C-38DFC1B77D04}.Debug|Any CPU.Build.0 = Debug|Any CPU
		{08CD6735-4F43-4764-AD6C-38DFC1B77D04}.Release|Any CPU.ActiveCfg = Release|Any CPU
		{08CD6735-4F43-4764-AD6C-38DFC1B77D04}.Release|Any CPU.Build.0 = Release|Any CPU
		{A4AA9715-B269-4DC8-A78A-4EF0AE24148E}.Debug|Any CPU.ActiveCfg = Debug|Any CPU
		{A4AA9715-B269-4DC8-A78A-4EF0AE24148E}.Debug|Any CPU.Build.0 = Debug|Any CPU
		{A4AA9715-B269-4DC8-A78A-4EF0AE24148E}.Release|Any CPU.ActiveCfg = Release|Any CPU
		{A4AA9715-B269-4DC8-A78A-4EF0AE24148E}.Release|Any CPU.Build.0 = Release|Any CPU
		{6CB4D9B9-76E8-4BFF-8971-7F9020563802}.Debug|Any CPU.ActiveCfg = Debug|Any CPU
		{6CB4D9B9-76E8-4BFF-8971-7F9020563802}.Debug|Any CPU.Build.0 = Debug|Any CPU
		{6CB4D9B9-76E8-4BFF-8971-7F9020563802}.Release|Any CPU.ActiveCfg = Release|Any CPU
		{6CB4D9B9-76E8-4BFF-8971-7F9020563802}.Release|Any CPU.Build.0 = Release|Any CPU
		{A818AB8E-36DD-4601-B33F-257C3788BCB3}.Debug|Any CPU.ActiveCfg = Debug|Any CPU
		{A818AB8E-36DD-4601-B33F-257C3788BCB3}.Debug|Any CPU.Build.0 = Debug|Any CPU
		{A818AB8E-36DD-4601-B33F-257C3788BCB3}.Release|Any CPU.ActiveCfg = Release|Any CPU
		{A818AB8E-36DD-4601-B33F-257C3788BCB3}.Release|Any CPU.Build.0 = Release|Any CPU
		{627FA232-F279-4341-AF9C-A7E6D9A25638}.Debug|Any CPU.ActiveCfg = Debug|Any CPU
		{627FA232-F279-4341-AF9C-A7E6D9A25638}.Debug|Any CPU.Build.0 = Debug|Any CPU
		{627FA232-F279-4341-AF9C-A7E6D9A25638}.Release|Any CPU.ActiveCfg = Release|Any CPU
		{627FA232-F279-4341-AF9C-A7E6D9A25638}.Release|Any CPU.Build.0 = Release|Any CPU
	EndGlobalSection
	GlobalSection(SolutionProperties) = preSolution
		HideSolutionNode = FALSE
	EndGlobalSection
EndGlobal
