
Microsoft Visual Studio Solution File, Format Version 12.00
# Visual Studio 2013
VisualStudioVersion = 12.0.21005.1
MinimumVisualStudioVersion = 10.0.40219.1
Project("{FAE04EC0-301F-11D3-BF4B-00C04F79EFBC}") = "WpfVisualCustomization.Styling", "WpfVisualCustomization.Styling\WpfVisualCustomization.Styling.csproj", "{1A913D8D-8520-473B-BE1D-75806DE23A3A}"
EndProject
Project("{FAE04EC0-301F-11D3-BF4B-00C04F79EFBC}") = "WpfVisualCustomization.Styling.CustomControlLib", "WpfVisualCustomization.Styling.CustomControlLib\WpfVisualCustomization.Styling.CustomControlLib.csproj", "{08CD6735-4F43-4764-AD6C-38DFC1B77D04}"
EndProject
Project("{FAE04EC0-301F-11D3-BF4B-00C04F79EFBC}") = "WpfVisualCustomization.Styling.UserControlLib", "WpfVisualCustomization.Styling.UserControlLib\WpfVisualCustomization.Styling.UserControlLib.csproj", "{A4AA9715-B269-4DC8-A78A-4EF0AE24148E}"
EndProject
Project("{FAE04EC0-301F-11D3-BF4B-00C04F79EFBC}") = "WpfVisualCustomization.Styling.AppWideStyle", "WpfVisualCustomization.Styling.AppWideStyle\WpfVisualCustomization.Styling.AppWideStyle.csproj", "{6CB4D9B9-76E8-4BFF-8971-7F9020563802}"
EndProject
Project("{FAE04EC0-301F-11D3-BF4B-00C04F79EFBC}") = "WpfVisualCustomization.Templating", "WpfVisualCustomization.Templating\WpfVisualCustomization.Templating.csproj", "{5D9B3959-BAE3-4EFC-9A6C-9010F80B43F7}"
EndProject
Project("{FAE04EC0-301F-11D3-BF4B-00C04F79EFBC}") = "WpfVisualCustomization.Templating.UserControlLib", "WpfVisualCustomization.Templating.UserControlLib\WpfVisualCustomization.Templating.UserControlLib.csproj", "{B57AC5F1-8D8E-47DB-B3BD-82FBAD4772B6}"
EndProject
Project("{FAE04EC0-301F-11D3-BF4B-00C04F79EFBC}") = "WpfVisualCustomization.Templating.CustomControlLib", "WpfVisualCustomization.Templating.CustomControlLib\WpfVisualCustomization.Templating.CustomControlLib.csproj", "{D542289C-D4E4-4CDD-9D9C-46B14EA64854}"
EndProject
Global
	GlobalSection(SolutionConfigurationPlatforms) = preSolution
		Debug|Any CPU = Debug|Any CPU
		Release|Any CPU = Release|Any CPU
	EndGlobalSection
	GlobalSection(ProjectConfigurationPlatforms) = postSolution
		{5D9B3959-BAE3-4EFC-9A6C-9010F80B43F7}.Debug|Any CPU.ActiveCfg = Debug|Any CPU
		{5D9B3959-BAE3-4EFC-9A6C-9010F80B43F7}.Debug|Any CPU.Build.0 = Debug|Any CPU
		{5D9B3959-BAE3-4EFC-9A6C-9010F80B43F7}.Release|Any CPU.ActiveCfg = Release|Any CPU
		{5D9B3959-BAE3-4EFC-9A6C-9010F80B43F7}.Release|Any CPU.Build.0 = Release|Any CPU
		{B57AC5F1-8D8E-47DB-B3BD-82FBAD4772B6}.Debug|Any CPU.ActiveCfg = Debug|Any CPU
		{B57AC5F1-8D8E-47DB-B3BD-82FBAD4772B6}.Debug|Any CPU.Build.0 = Debug|Any CPU
		{B57AC5F1-8D8E-47DB-B3BD-82FBAD4772B6}.Release|Any CPU.ActiveCfg = Release|Any CPU
		{B57AC5F1-8D8E-47DB-B3BD-82FBAD4772B6}.Release|Any CPU.Build.0 = Release|Any CPU
		{D542289C-D4E4-4CDD-9D9C-46B14EA64854}.Debug|Any CPU.ActiveCfg = Debug|Any CPU
		{D542289C-D4E4-4CDD-9D9C-46B14EA64854}.Debug|Any CPU.Build.0 = Debug|Any CPU
		{D542289C-D4E4-4CDD-9D9C-46B14EA64854}.Release|Any CPU.ActiveCfg = Release|Any CPU
		{D542289C-D4E4-4CDD-9D9C-46B14EA64854}.Release|Any CPU.Build.0 = Release|Any CPU
	EndGlobalSection
	GlobalSection(SolutionProperties) = preSolution
		HideSolutionNode = FALSE
	EndGlobalSection
EndGlobal
