
Microsoft Visual Studio Solution File, Format Version 12.00
# Visual Studio 2013
VisualStudioVersion = 12.0.31101.0
MinimumVisualStudioVersion = 10.0.40219.1
Project("{FAE04EC0-301F-11D3-BF4B-00C04F79EFBC}") = "WpfVisualCustomization.Triggers", "WpfVisualCustomization.Triggers\WpfVisualCustomization.Triggers.csproj", "{3178675D-59B8-4B5B-8A85-C0E779BD2D60}"
EndProject
Project("{FAE04EC0-301F-11D3-BF4B-00C04F79EFBC}") = "WpfVisualCustomization.Triggers.ItemsControl", "WpfVisualCustomization.Triggers.ItemsControl\WpfVisualCustomization.Triggers.ItemsControl.csproj", "{3FA4223D-A161-4952-A661-DA1C6B228D55}"
EndProject
Global
	GlobalSection(SolutionConfigurationPlatforms) = preSolution
		Debug|Any CPU = Debug|Any CPU
		Release|Any CPU = Release|Any CPU
	EndGlobalSection
	GlobalSection(ProjectConfigurationPlatforms) = postSolution
		{3178675D-59B8-4B5B-8A85-C0E779BD2D60}.Debug|Any CPU.ActiveCfg = Debug|Any CPU
		{3178675D-59B8-4B5B-8A85-C0E779BD2D60}.Debug|Any CPU.Build.0 = Debug|Any CPU
		{3178675D-59B8-4B5B-8A85-C0E779BD2D60}.Release|Any CPU.ActiveCfg = Release|Any CPU
		{3178675D-59B8-4B5B-8A85-C0E779BD2D60}.Release|Any CPU.Build.0 = Release|Any CPU
		{3FA4223D-A161-4952-A661-DA1C6B228D55}.Debug|Any CPU.ActiveCfg = Debug|Any CPU
		{3FA4223D-A161-4952-A661-DA1C6B228D55}.Debug|Any CPU.Build.0 = Debug|Any CPU
		{3FA4223D-A161-4952-A661-DA1C6B228D55}.Release|Any CPU.ActiveCfg = Release|Any CPU
		{3FA4223D-A161-4952-A661-DA1C6B228D55}.Release|Any CPU.Build.0 = Release|Any CPU
	EndGlobalSection
	GlobalSection(SolutionProperties) = preSolution
		HideSolutionNode = FALSE
	EndGlobalSection
EndGlobal
